
Microsoft Visual Studio Solution File, Format Version 12.00
# Visual Studio Version 17
VisualStudioVersion = 17.4.33213.308
MinimumVisualStudioVersion = 10.0.40219.1
Project("{9A19103F-16F7-4668-BE54-9A1E7A4F7556}") = "LifeParts", "LifeOhLife\LifeParts.csproj", "{0F4F2A63-867D-4CBA-AAA9-6881B211E6EB}"
EndProject
Project("{9A19103F-16F7-4668-BE54-9A1E7A4F7556}") = "Engine", "Bitmap Graphics\Engine.csproj", "{699DBD68-5F6B-4713-84FC-0ED0C3540191}"
EndProject
Global
	GlobalSection(SolutionConfigurationPlatforms) = preSolution
		Debug|Any CPU = Debug|Any CPU
		Release|Any CPU = Release|Any CPU
	EndGlobalSection
	GlobalSection(ProjectConfigurationPlatforms) = postSolution
		{0F4F2A63-867D-4CBA-AAA9-6881B211E6EB}.Debug|Any CPU.ActiveCfg = Debug|Any CPU
		{0F4F2A63-867D-4CBA-AAA9-6881B211E6EB}.Debug|Any CPU.Build.0 = Debug|Any CPU
		{0F4F2A63-867D-4CBA-AAA9-6881B211E6EB}.Release|Any CPU.ActiveCfg = Release|Any CPU
		{0F4F2A63-867D-4CBA-AAA9-6881B211E6EB}.Release|Any CPU.Build.0 = Release|Any CPU
		{699DBD68-5F6B-4713-84FC-0ED0C3540191}.Debug|Any CPU.ActiveCfg = Debug|Any CPU
		{699DBD68-5F6B-4713-84FC-0ED0C3540191}.Debug|Any CPU.Build.0 = Debug|Any CPU
		{699DBD68-5F6B-4713-84FC-0ED0C3540191}.Release|Any CPU.ActiveCfg = Release|Any CPU
		{699DBD68-5F6B-4713-84FC-0ED0C3540191}.Release|Any CPU.Build.0 = Release|Any CPU
	EndGlobalSection
	GlobalSection(SolutionProperties) = preSolution
		HideSolutionNode = FALSE
	EndGlobalSection
	GlobalSection(ExtensibilityGlobals) = postSolution
		SolutionGuid = {28114CD9-B473-40BE-9E1C-6EF8A6C72CBB}
	EndGlobalSection
EndGlobal
